{
  "meteor": {},
  "dependencies": {
    "basePackages": {
      "houston": {
        "path": "../.."
      }
    },
    "packages": {
      "houston": {
        "path": "../.."
      },
      "paginated-subscription": {
        "git": "https://github.com/tmeasday/meteor-paginated-subscription.git",
        "tag": "v0.2.2",
        "commit": "2133a2163575f569f90253f81314f21b2bf08d20"
      },
      "spin": {
        "git": "https://github.com/SachaG/meteor-spin.git",
        "tag": "v0.2.2",
        "commit": "3f655f0016228e4195acc784c45d3e3a247dc39f"
      },
      "iron-router": {
        "git": "https://github.com/EventedMind/iron-router.git",
        "tag": "v0.7.1",
        "commit": "d1ffb3f06ea4c112132b030f2eb1a70b81675ecb"
      },
      "blaze-layout": {
        "git": "https://github.com/EventedMind/blaze-layout.git",
        "tag": "v0.2.4",
        "commit": "b40e9b0612329288d75cf52ad14a7da64bb8618f"
      }
    }
  }
}
