{
  "meteor": {},
  "dependencies": {
    "basePackages": {
      "houston": {
        "path": "."
      }
    },
    "packages": {
      "houston": {
        "path": "."
      },
      "paginated-subscription": {
        "git": "https://github.com/tmeasday/meteor-paginated-subscription.git",
        "tag": "v0.2.2",
        "commit": "2133a2163575f569f90253f81314f21b2bf08d20"
      },
      "spin": {
        "git": "https://github.com/SachaG/meteor-spin.git",
        "tag": "v0.2.2",
        "commit": "3f655f0016228e4195acc784c45d3e3a247dc39f"
      },
      "iron-router": {
        "git": "https://github.com/EventedMind/iron-router.git",
        "tag": "v0.7.1",
        "commit": "d1ffb3f06ea4c112132b030f2eb1a70b81675ecb"
      },
      "autoform": {
        "git": "https://github.com/aldeed/meteor-autoform.git",
        "tag": "v0.15.1",
        "commit": "723aed684ef9d16e94424cde6389b8e4a03d546e"
      },
      "sortable": {
        "git": "https://github.com/fishdude/meteor-sortable.git",
        "tag": "v0.0.4",
        "commit": "4e5106793e523d110bd3d11b5bedecc277225e39"
      },
      "blaze-layout": {
        "git": "https://github.com/EventedMind/blaze-layout.git",
        "tag": "v0.2.4",
        "commit": "b40e9b0612329288d75cf52ad14a7da64bb8618f"
      },
      "simple-schema": {
        "git": "https://github.com/aldeed/meteor-simple-schema.git",
        "tag": "v0.6.0",
        "commit": "418ec496612fb2afc853e342f0d2269b6674a2fe"
      },
      "collection2": {
        "git": "https://github.com/aldeed/meteor-collection2.git",
        "tag": "v0.4.2",
        "commit": "4ff4b707bec8be434919730bf101325adb215444"
      },
      "moment": {
        "git": "https://github.com/acreeger/meteor-moment.git",
        "tag": "v2.6.0",
        "commit": "26156df681750fd6e6ed77043eef32b6653ebbdf"
      }
    }
  }
}
